
Microsoft Visual Studio Solution File, Format Version 12.00
# Visual Studio 14
VisualStudioVersion = 14.0.25420.1
MinimumVisualStudioVersion = 10.0.40219.1
Project("{FAE04EC0-301F-11D3-BF4B-00C04F79EFBC}") = "3.7test(finish)", "10.9assigenment(\3.7test(finish).csproj", "{D38FE903-EB38-402E-B618-34B7B06378DC}"
EndProject
Project("{FAE04EC0-301F-11D3-BF4B-00C04F79EFBC}") = "3.2test", "3.2test\3.2test.csproj", "{88F66D4D-6586-4340-A0E2-75E54C9041F4}"
EndProject
Global
	GlobalSection(SolutionConfigurationPlatforms) = preSolution
		Debug|Any CPU = Debug|Any CPU
		Release|Any CPU = Release|Any CPU
	EndGlobalSection
	GlobalSection(ProjectConfigurationPlatforms) = postSolution
		{D38FE903-EB38-402E-B618-34B7B06378DC}.Debug|Any CPU.ActiveCfg = Debug|Any CPU
		{D38FE903-EB38-402E-B618-34B7B06378DC}.Debug|Any CPU.Build.0 = Debug|Any CPU
		{D38FE903-EB38-402E-B618-34B7B06378DC}.Release|Any CPU.ActiveCfg = Release|Any CPU
		{D38FE903-EB38-402E-B618-34B7B06378DC}.Release|Any CPU.Build.0 = Release|Any CPU
		{88F66D4D-6586-4340-A0E2-75E54C9041F4}.Debug|Any CPU.ActiveCfg = Debug|Any CPU
		{88F66D4D-6586-4340-A0E2-75E54C9041F4}.Debug|Any CPU.Build.0 = Debug|Any CPU
		{88F66D4D-6586-4340-A0E2-75E54C9041F4}.Release|Any CPU.ActiveCfg = Release|Any CPU
		{88F66D4D-6586-4340-A0E2-75E54C9041F4}.Release|Any CPU.Build.0 = Release|Any CPU
	EndGlobalSection
	GlobalSection(SolutionProperties) = preSolution
		HideSolutionNode = FALSE
	EndGlobalSection
EndGlobal
